
Microsoft Visual Studio Solution File, Format Version 12.00
# Visual Studio 15
VisualStudioVersion = 15.0.28010.2036
MinimumVisualStudioVersion = 10.0.40219.1
Project("{8BC9CEB8-8B4A-11D0-8D11-00A0C91BC942}") = "1_cout", "1_cout\1_cout.vcxproj", "{16B5E316-2A68-4680-868F-87648FCB8D73}"
EndProject
Project("{8BC9CEB8-8B4A-11D0-8D11-00A0C91BC942}") = "2_basikSyntax", "2_BasikSyntax\2_BasikSyntax.vcxproj", "{F71D5ED7-054F-4A86-90A0-236DEC14C754}"
EndProject
Project("{8BC9CEB8-8B4A-11D0-8D11-00A0C91BC942}") = "3_controlStructures", "3_controlStructures\3_controlStructures.vcxproj", "{B9336217-D2D5-42DC-81AE-3EFEE7E7CADB}"
EndProject
Project("{8BC9CEB8-8B4A-11D0-8D11-00A0C91BC942}") = "ESA1_Eisverkauf", "ESA1_Eisverkauf\ESA1_Eisverkauf.vcxproj", "{7C9EF958-FB6A-4110-85D4-F42C63C8B612}"
EndProject
Project("{8BC9CEB8-8B4A-11D0-8D11-00A0C91BC942}") = "5_fields", "5_fields\5_fields.vcxproj", "{8BE64920-3E4D-48A2-95E7-BAF992BA2A79}"
EndProject
Project("{8BC9CEB8-8B4A-11D0-8D11-00A0C91BC942}") = "6_classConcept", "6_classConcept\6_classConcept.vcxproj", "{563B258B-05BD-4E2E-A032-0A3D604C1DD0}"
EndProject
Project("{8BC9CEB8-8B4A-11D0-8D11-00A0C91BC942}") = "ESA2_Urlaubsverwaltung", "ESA2_Urlaubsverwaltung\ESA2_Urlaubsverwaltung.vcxproj", "{FA425047-E40E-4A42-BC95-9CA94278A3C3}"
EndProject
Project("{8BC9CEB8-8B4A-11D0-8D11-00A0C91BC942}") = "6_1_classPersonExample", "6_1_classPersonExample\6_1_classPersonExample.vcxproj", "{B60BE888-98DC-45E2-8F6B-F72E8FF43B46}"
EndProject
Project("{8BC9CEB8-8B4A-11D0-8D11-00A0C91BC942}") = "6_2_exceptionCin", "6_2_exceptionCin\6_2_exceptionCin.vcxproj", "{CCC1911B-009D-4EA8-8E07-8AC0E8AA414B}"
EndProject
Project("{8BC9CEB8-8B4A-11D0-8D11-00A0C91BC942}") = "ESA1_Ausgabenverwaltung", "ESA1_Ausgabenverwaltung\ESA1_Ausgabenverwaltung.vcxproj", "{BCB36A29-5E71-45E6-87E3-BDC7B3F1619E}"
EndProject
Project("{8BC9CEB8-8B4A-11D0-8D11-00A0C91BC942}") = "ESA2_Motorradvermietung", "ESA2_Motorradvermietung\ESA2_Motorradvermietung.vcxproj", "{D207B06A-19AB-4FAC-9E8B-A91AD15A882C}"
EndProject
Global
	GlobalSection(SolutionConfigurationPlatforms) = preSolution
		Debug|Any CPU = Debug|Any CPU
		Debug|x64 = Debug|x64
		Debug|x86 = Debug|x86
		Release|Any CPU = Release|Any CPU
		Release|x64 = Release|x64
		Release|x86 = Release|x86
	EndGlobalSection
	GlobalSection(ProjectConfigurationPlatforms) = postSolution
		{16B5E316-2A68-4680-868F-87648FCB8D73}.Debug|Any CPU.ActiveCfg = Debug|Win32
		{16B5E316-2A68-4680-868F-87648FCB8D73}.Debug|x64.ActiveCfg = Debug|x64
		{16B5E316-2A68-4680-868F-87648FCB8D73}.Debug|x64.Build.0 = Debug|x64
		{16B5E316-2A68-4680-868F-87648FCB8D73}.Debug|x86.ActiveCfg = Debug|Win32
		{16B5E316-2A68-4680-868F-87648FCB8D73}.Debug|x86.Build.0 = Debug|Win32
		{16B5E316-2A68-4680-868F-87648FCB8D73}.Release|Any CPU.ActiveCfg = Release|Win32
		{16B5E316-2A68-4680-868F-87648FCB8D73}.Release|x64.ActiveCfg = Release|x64
		{16B5E316-2A68-4680-868F-87648FCB8D73}.Release|x64.Build.0 = Release|x64
		{16B5E316-2A68-4680-868F-87648FCB8D73}.Release|x86.ActiveCfg = Release|Win32
		{16B5E316-2A68-4680-868F-87648FCB8D73}.Release|x86.Build.0 = Release|Win32
		{F71D5ED7-054F-4A86-90A0-236DEC14C754}.Debug|Any CPU.ActiveCfg = Debug|Win32
		{F71D5ED7-054F-4A86-90A0-236DEC14C754}.Debug|x64.ActiveCfg = Debug|x64
		{F71D5ED7-054F-4A86-90A0-236DEC14C754}.Debug|x64.Build.0 = Debug|x64
		{F71D5ED7-054F-4A86-90A0-236DEC14C754}.Debug|x86.ActiveCfg = Debug|Win32
		{F71D5ED7-054F-4A86-90A0-236DEC14C754}.Debug|x86.Build.0 = Debug|Win32
		{F71D5ED7-054F-4A86-90A0-236DEC14C754}.Release|Any CPU.ActiveCfg = Release|Win32
		{F71D5ED7-054F-4A86-90A0-236DEC14C754}.Release|x64.ActiveCfg = Release|x64
		{F71D5ED7-054F-4A86-90A0-236DEC14C754}.Release|x64.Build.0 = Release|x64
		{F71D5ED7-054F-4A86-90A0-236DEC14C754}.Release|x86.ActiveCfg = Release|Win32
		{F71D5ED7-054F-4A86-90A0-236DEC14C754}.Release|x86.Build.0 = Release|Win32
		{B9336217-D2D5-42DC-81AE-3EFEE7E7CADB}.Debug|Any CPU.ActiveCfg = Debug|Win32
		{B9336217-D2D5-42DC-81AE-3EFEE7E7CADB}.Debug|x64.ActiveCfg = Debug|x64
		{B9336217-D2D5-42DC-81AE-3EFEE7E7CADB}.Debug|x64.Build.0 = Debug|x64
		{B9336217-D2D5-42DC-81AE-3EFEE7E7CADB}.Debug|x86.ActiveCfg = Debug|Win32
		{B9336217-D2D5-42DC-81AE-3EFEE7E7CADB}.Debug|x86.Build.0 = Debug|Win32
		{B9336217-D2D5-42DC-81AE-3EFEE7E7CADB}.Release|Any CPU.ActiveCfg = Release|Win32
		{B9336217-D2D5-42DC-81AE-3EFEE7E7CADB}.Release|x64.ActiveCfg = Release|x64
		{B9336217-D2D5-42DC-81AE-3EFEE7E7CADB}.Release|x64.Build.0 = Release|x64
		{B9336217-D2D5-42DC-81AE-3EFEE7E7CADB}.Release|x86.ActiveCfg = Release|Win32
		{B9336217-D2D5-42DC-81AE-3EFEE7E7CADB}.Release|x86.Build.0 = Release|Win32
		{7C9EF958-FB6A-4110-85D4-F42C63C8B612}.Debug|Any CPU.ActiveCfg = Debug|Win32
		{7C9EF958-FB6A-4110-85D4-F42C63C8B612}.Debug|x64.ActiveCfg = Debug|x64
		{7C9EF958-FB6A-4110-85D4-F42C63C8B612}.Debug|x64.Build.0 = Debug|x64
		{7C9EF958-FB6A-4110-85D4-F42C63C8B612}.Debug|x86.ActiveCfg = Debug|Win32
		{7C9EF958-FB6A-4110-85D4-F42C63C8B612}.Debug|x86.Build.0 = Debug|Win32
		{7C9EF958-FB6A-4110-85D4-F42C63C8B612}.Release|Any CPU.ActiveCfg = Release|Win32
		{7C9EF958-FB6A-4110-85D4-F42C63C8B612}.Release|x64.ActiveCfg = Release|x64
		{7C9EF958-FB6A-4110-85D4-F42C63C8B612}.Release|x64.Build.0 = Release|x64
		{7C9EF958-FB6A-4110-85D4-F42C63C8B612}.Release|x86.ActiveCfg = Release|Win32
		{7C9EF958-FB6A-4110-85D4-F42C63C8B612}.Release|x86.Build.0 = Release|Win32
		{8BE64920-3E4D-48A2-95E7-BAF992BA2A79}.Debug|Any CPU.ActiveCfg = Debug|Win32
		{8BE64920-3E4D-48A2-95E7-BAF992BA2A79}.Debug|x64.ActiveCfg = Debug|x64
		{8BE64920-3E4D-48A2-95E7-BAF992BA2A79}.Debug|x64.Build.0 = Debug|x64
		{8BE64920-3E4D-48A2-95E7-BAF992BA2A79}.Debug|x86.ActiveCfg = Debug|Win32
		{8BE64920-3E4D-48A2-95E7-BAF992BA2A79}.Debug|x86.Build.0 = Debug|Win32
		{8BE64920-3E4D-48A2-95E7-BAF992BA2A79}.Release|Any CPU.ActiveCfg = Release|Win32
		{8BE64920-3E4D-48A2-95E7-BAF992BA2A79}.Release|x64.ActiveCfg = Release|x64
		{8BE64920-3E4D-48A2-95E7-BAF992BA2A79}.Release|x64.Build.0 = Release|x64
		{8BE64920-3E4D-48A2-95E7-BAF992BA2A79}.Release|x86.ActiveCfg = Release|Win32
		{8BE64920-3E4D-48A2-95E7-BAF992BA2A79}.Release|x86.Build.0 = Release|Win32
		{563B258B-05BD-4E2E-A032-0A3D604C1DD0}.Debug|Any CPU.ActiveCfg = Debug|Win32
		{563B258B-05BD-4E2E-A032-0A3D604C1DD0}.Debug|x64.ActiveCfg = Debug|x64
		{563B258B-05BD-4E2E-A032-0A3D604C1DD0}.Debug|x64.Build.0 = Debug|x64
		{563B258B-05BD-4E2E-A032-0A3D604C1DD0}.Debug|x86.ActiveCfg = Debug|Win32
		{563B258B-05BD-4E2E-A032-0A3D604C1DD0}.Debug|x86.Build.0 = Debug|Win32
		{563B258B-05BD-4E2E-A032-0A3D604C1DD0}.Release|Any CPU.ActiveCfg = Release|Win32
		{563B258B-05BD-4E2E-A032-0A3D604C1DD0}.Release|x64.ActiveCfg = Release|x64
		{563B258B-05BD-4E2E-A032-0A3D604C1DD0}.Release|x64.Build.0 = Release|x64
		{563B258B-05BD-4E2E-A032-0A3D604C1DD0}.Release|x86.ActiveCfg = Release|Win32
		{563B258B-05BD-4E2E-A032-0A3D604C1DD0}.Release|x86.Build.0 = Release|Win32
		{FA425047-E40E-4A42-BC95-9CA94278A3C3}.Debug|Any CPU.ActiveCfg = Debug|Win32
		{FA425047-E40E-4A42-BC95-9CA94278A3C3}.Debug|x64.ActiveCfg = Debug|x64
		{FA425047-E40E-4A42-BC95-9CA94278A3C3}.Debug|x64.Build.0 = Debug|x64
		{FA425047-E40E-4A42-BC95-9CA94278A3C3}.Debug|x86.ActiveCfg = Debug|Win32
		{FA425047-E40E-4A42-BC95-9CA94278A3C3}.Debug|x86.Build.0 = Debug|Win32
		{FA425047-E40E-4A42-BC95-9CA94278A3C3}.Release|Any CPU.ActiveCfg = Release|Win32
		{FA425047-E40E-4A42-BC95-9CA94278A3C3}.Release|x64.ActiveCfg = Release|x64
		{FA425047-E40E-4A42-BC95-9CA94278A3C3}.Release|x64.Build.0 = Release|x64
		{FA425047-E40E-4A42-BC95-9CA94278A3C3}.Release|x86.ActiveCfg = Release|Win32
		{FA425047-E40E-4A42-BC95-9CA94278A3C3}.Release|x86.Build.0 = Release|Win32
		{B60BE888-98DC-45E2-8F6B-F72E8FF43B46}.Debug|Any CPU.ActiveCfg = Debug|Win32
		{B60BE888-98DC-45E2-8F6B-F72E8FF43B46}.Debug|x64.ActiveCfg = Debug|x64
		{B60BE888-98DC-45E2-8F6B-F72E8FF43B46}.Debug|x64.Build.0 = Debug|x64
		{B60BE888-98DC-45E2-8F6B-F72E8FF43B46}.Debug|x86.ActiveCfg = Debug|Win32
		{B60BE888-98DC-45E2-8F6B-F72E8FF43B46}.Debug|x86.Build.0 = Debug|Win32
		{B60BE888-98DC-45E2-8F6B-F72E8FF43B46}.Release|Any CPU.ActiveCfg = Release|Win32
		{B60BE888-98DC-45E2-8F6B-F72E8FF43B46}.Release|x64.ActiveCfg = Release|x64
		{B60BE888-98DC-45E2-8F6B-F72E8FF43B46}.Release|x64.Build.0 = Release|x64
		{B60BE888-98DC-45E2-8F6B-F72E8FF43B46}.Release|x86.ActiveCfg = Release|Win32
		{B60BE888-98DC-45E2-8F6B-F72E8FF43B46}.Release|x86.Build.0 = Release|Win32
		{CCC1911B-009D-4EA8-8E07-8AC0E8AA414B}.Debug|Any CPU.ActiveCfg = Debug|Win32
		{CCC1911B-009D-4EA8-8E07-8AC0E8AA414B}.Debug|x64.ActiveCfg = Debug|x64
		{CCC1911B-009D-4EA8-8E07-8AC0E8AA414B}.Debug|x64.Build.0 = Debug|x64
		{CCC1911B-009D-4EA8-8E07-8AC0E8AA414B}.Debug|x86.ActiveCfg = Debug|Win32
		{CCC1911B-009D-4EA8-8E07-8AC0E8AA414B}.Debug|x86.Build.0 = Debug|Win32
		{CCC1911B-009D-4EA8-8E07-8AC0E8AA414B}.Release|Any CPU.ActiveCfg = Release|Win32
		{CCC1911B-009D-4EA8-8E07-8AC0E8AA414B}.Release|x64.ActiveCfg = Release|x64
		{CCC1911B-009D-4EA8-8E07-8AC0E8AA414B}.Release|x64.Build.0 = Release|x64
		{CCC1911B-009D-4EA8-8E07-8AC0E8AA414B}.Release|x86.ActiveCfg = Release|Win32
		{CCC1911B-009D-4EA8-8E07-8AC0E8AA414B}.Release|x86.Build.0 = Release|Win32
		{BCB36A29-5E71-45E6-87E3-BDC7B3F1619E}.Debug|Any CPU.ActiveCfg = Debug|Win32
		{BCB36A29-5E71-45E6-87E3-BDC7B3F1619E}.Debug|x64.ActiveCfg = Debug|x64
		{BCB36A29-5E71-45E6-87E3-BDC7B3F1619E}.Debug|x64.Build.0 = Debug|x64
		{BCB36A29-5E71-45E6-87E3-BDC7B3F1619E}.Debug|x86.ActiveCfg = Debug|Win32
		{BCB36A29-5E71-45E6-87E3-BDC7B3F1619E}.Debug|x86.Build.0 = Debug|Win32
		{BCB36A29-5E71-45E6-87E3-BDC7B3F1619E}.Release|Any CPU.ActiveCfg = Release|Win32
		{BCB36A29-5E71-45E6-87E3-BDC7B3F1619E}.Release|x64.ActiveCfg = Release|x64
		{BCB36A29-5E71-45E6-87E3-BDC7B3F1619E}.Release|x64.Build.0 = Release|x64
		{BCB36A29-5E71-45E6-87E3-BDC7B3F1619E}.Release|x86.ActiveCfg = Release|Win32
		{BCB36A29-5E71-45E6-87E3-BDC7B3F1619E}.Release|x86.Build.0 = Release|Win32
		{D207B06A-19AB-4FAC-9E8B-A91AD15A882C}.Debug|Any CPU.ActiveCfg = Debug|Win32
		{D207B06A-19AB-4FAC-9E8B-A91AD15A882C}.Debug|x64.ActiveCfg = Debug|x64
		{D207B06A-19AB-4FAC-9E8B-A91AD15A882C}.Debug|x64.Build.0 = Debug|x64
		{D207B06A-19AB-4FAC-9E8B-A91AD15A882C}.Debug|x86.ActiveCfg = Debug|Win32
		{D207B06A-19AB-4FAC-9E8B-A91AD15A882C}.Debug|x86.Build.0 = Debug|Win32
		{D207B06A-19AB-4FAC-9E8B-A91AD15A882C}.Release|Any CPU.ActiveCfg = Release|Win32
		{D207B06A-19AB-4FAC-9E8B-A91AD15A882C}.Release|x64.ActiveCfg = Release|x64
		{D207B06A-19AB-4FAC-9E8B-A91AD15A882C}.Release|x64.Build.0 = Release|x64
		{D207B06A-19AB-4FAC-9E8B-A91AD15A882C}.Release|x86.ActiveCfg = Release|Win32
		{D207B06A-19AB-4FAC-9E8B-A91AD15A882C}.Release|x86.Build.0 = Release|Win32
	EndGlobalSection
	GlobalSection(SolutionProperties) = preSolution
		HideSolutionNode = FALSE
	EndGlobalSection
	GlobalSection(ExtensibilityGlobals) = postSolution
		SolutionGuid = {1ED6CBD5-DF71-48F4-8071-0D96E826C405}
	EndGlobalSection
EndGlobal
